
Microsoft Visual Studio Solution File, Format Version 12.00
# Visual Studio Version 17
VisualStudioVersion = 17.7.34024.191
MinimumVisualStudioVersion = 10.0.40219.1
Project("{9A19103F-16F7-4668-BE54-9A1E7A4F7556}") = "PrototypeA", "PrototypeA\PrototypeA.csproj", "{192CB352-DB1B-4AA3-B472-6BFA3F936190}"
EndProject
Project("{2150E333-8FDC-42A3-9474-1A3956D46DE8}") = "Solution Items", "Solution Items", "{4D2E27F3-6F52-4E73-9AF1-A5BF9B582492}"
	ProjectSection(SolutionItems) = preProject
		.editorconfig = .editorconfig
	EndProjectSection
EndProject
Global
	GlobalSection(SolutionConfigurationPlatforms) = preSolution
		Debug|Any CPU = Debug|Any CPU
		Release|Any CPU = Release|Any CPU
	EndGlobalSection
	GlobalSection(ProjectConfigurationPlatforms) = postSolution
		{192CB352-DB1B-4AA3-B472-6BFA3F936190}.Debug|Any CPU.ActiveCfg = Debug|Any CPU
		{192CB352-DB1B-4AA3-B472-6BFA3F936190}.Debug|Any CPU.Build.0 = Debug|Any CPU
		{192CB352-DB1B-4AA3-B472-6BFA3F936190}.Debug|Any CPU.Deploy.0 = Debug|Any CPU
		{192CB352-DB1B-4AA3-B472-6BFA3F936190}.Release|Any CPU.ActiveCfg = Release|Any CPU
		{192CB352-DB1B-4AA3-B472-6BFA3F936190}.Release|Any CPU.Build.0 = Release|Any CPU
		{192CB352-DB1B-4AA3-B472-6BFA3F936190}.Release|Any CPU.Deploy.0 = Release|Any CPU
	EndGlobalSection
	GlobalSection(SolutionProperties) = preSolution
		HideSolutionNode = FALSE
	EndGlobalSection
	GlobalSection(ExtensibilityGlobals) = postSolution
		SolutionGuid = {B05FEF44-B5D5-4D71-A059-A9DC28DB4F66}
	EndGlobalSection
EndGlobal
